// !$*UTF8*$!
{
	archiveVersion = 1;
	classes = {
	};
	objectVersion = 46;
	objects = {

/* Begin PBXBuildFile section */
		06D899B1142810C200A4EF4D /* SBJsonWriter.m in Sources */ = {isa = PBXBuildFile; fileRef = 06D89998142810C200A4EF4D /* SBJsonWriter.m */; };
		06D899B2142810C200A4EF4D /* SBJsonUTF8Stream.m in Sources */ = {isa = PBXBuildFile; fileRef = 06D8999A142810C200A4EF4D /* SBJsonUTF8Stream.m */; };
		06D899B3142810C200A4EF4D /* SBJsonTokeniser.m in Sources */ = {isa = PBXBuildFile; fileRef = 06D8999C142810C200A4EF4D /* SBJsonTokeniser.m */; };
		06D899B4142810C200A4EF4D /* SBJsonStreamWriterState.m in Sources */ = {isa = PBXBuildFile; fileRef = 06D8999E142810C200A4EF4D /* SBJsonStreamWriterState.m */; };
		06D899B5142810C200A4EF4D /* SBJsonStreamWriterAccumulator.m in Sources */ = {isa = PBXBuildFile; fileRef = 06D899A0142810C200A4EF4D /* SBJsonStreamWriterAccumulator.m */; };
		06D899B6142810C200A4EF4D /* SBJsonStreamWriter.m in Sources */ = {isa = PBXBuildFile; fileRef = 06D899A2142810C200A4EF4D /* SBJsonStreamWriter.m */; };
		06D899B7142810C200A4EF4D /* SBJsonStreamParserState.m in Sources */ = {isa = PBXBuildFile; fileRef = 06D899A4142810C200A4EF4D /* SBJsonStreamParserState.m */; };
		06D899B8142810C200A4EF4D /* SBJsonStreamParserAdapter.m in Sources */ = {isa = PBXBuildFile; fileRef = 06D899A6142810C200A4EF4D /* SBJsonStreamParserAdapter.m */; };
		06D899B9142810C200A4EF4D /* SBJsonStreamParserAccumulator.m in Sources */ = {isa = PBXBuildFile; fileRef = 06D899A8142810C200A4EF4D /* SBJsonStreamParserAccumulator.m */; };
		06D899BA142810C200A4EF4D /* SBJsonStreamParser.m in Sources */ = {isa = PBXBuildFile; fileRef = 06D899AA142810C200A4EF4D /* SBJsonStreamParser.m */; };
		06D899BB142810C200A4EF4D /* SBJsonParser.m in Sources */ = {isa = PBXBuildFile; fileRef = 06D899AC142810C200A4EF4D /* SBJsonParser.m */; };
		06D899BC142810C200A4EF4D /* NSObject+SBJson.m in Sources */ = {isa = PBXBuildFile; fileRef = 06D899AF142810C200A4EF4D /* NSObject+SBJson.m */; };
		06D899FE1428272800A4EF4D /* ASINetworkQueue.m in Sources */ = {isa = PBXBuildFile; fileRef = 06D899EB1428272800A4EF4D /* ASINetworkQueue.m */; };
		06D899FF1428272800A4EF4D /* ASIInputStream.m in Sources */ = {isa = PBXBuildFile; fileRef = 06D899ED1428272800A4EF4D /* ASIInputStream.m */; };
		06D89A001428272800A4EF4D /* ASIHTTPRequest.m in Sources */ = {isa = PBXBuildFile; fileRef = 06D899F11428272800A4EF4D /* ASIHTTPRequest.m */; };
		06D89A011428272800A4EF4D /* ASIFormDataRequest.m in Sources */ = {isa = PBXBuildFile; fileRef = 06D899F31428272800A4EF4D /* ASIFormDataRequest.m */; };
		06D89A021428272800A4EF4D /* ASIDownloadCache.m in Sources */ = {isa = PBXBuildFile; fileRef = 06D899F51428272800A4EF4D /* ASIDownloadCache.m */; };
		06D89A031428272800A4EF4D /* ASIDataDecompressor.m in Sources */ = {isa = PBXBuildFile; fileRef = 06D899F71428272800A4EF4D /* ASIDataDecompressor.m */; };
		06D89A041428272800A4EF4D /* ASIDataCompressor.m in Sources */ = {isa = PBXBuildFile; fileRef = 06D899F91428272800A4EF4D /* ASIDataCompressor.m */; };
		06D89A051428272800A4EF4D /* ASIAuthenticationDialog.m in Sources */ = {isa = PBXBuildFile; fileRef = 06D899FC1428272800A4EF4D /* ASIAuthenticationDialog.m */; };
		06D89A0714282ACB00A4EF4D /* CFNetwork.framework in Frameworks */ = {isa = PBXBuildFile; fileRef = 06D89A0614282ACB00A4EF4D /* CFNetwork.framework */; };
		06D89A0B14282AD800A4EF4D /* SystemConfiguration.framework in Frameworks */ = {isa = PBXBuildFile; fileRef = 06D89A0A14282AD800A4EF4D /* SystemConfiguration.framework */; };
		06D89A0F14282AED00A4EF4D /* MobileCoreServices.framework in Frameworks */ = {isa = PBXBuildFile; fileRef = 06D89A0E14282AED00A4EF4D /* MobileCoreServices.framework */; };
		06D89A1314282B0700A4EF4D /* libz.dylib in Frameworks */ = {isa = PBXBuildFile; fileRef = 06D89A1214282B0700A4EF4D /* libz.dylib */; };
		06D89A1614282B1B00A4EF4D /* Reachability.m in Sources */ = {isa = PBXBuildFile; fileRef = 06D89A1414282B1B00A4EF4D /* Reachability.m */; };
		1D3623260D0F684500981E51 /* randcomAppDelegate.m in Sources */ = {isa = PBXBuildFile; fileRef = 1D3623250D0F684500981E51 /* randcomAppDelegate.m */; };
		1D60589B0D05DD56006BFB54 /* main.m in Sources */ = {isa = PBXBuildFile; fileRef = 29B97316FDCFA39411CA2CEA /* main.m */; };
		1D60589F0D05DD5A006BFB54 /* Foundation.framework in Frameworks */ = {isa = PBXBuildFile; fileRef = 1D30AB110D05D00D00671497 /* Foundation.framework */; };
		1DF5F4E00D08C38300B7A737 /* UIKit.framework in Frameworks */ = {isa = PBXBuildFile; fileRef = 1DF5F4DF0D08C38300B7A737 /* UIKit.framework */; };
		28216C970DB411BC00E5133A /* FirstViewController.m in Sources */ = {isa = PBXBuildFile; fileRef = 28216C960DB411BC00E5133A /* FirstViewController.m */; };
		282CCBFE0DB6C98000C4EA27 /* SecondView.xib in Resources */ = {isa = PBXBuildFile; fileRef = 282CCBFD0DB6C98000C4EA27 /* SecondView.xib */; };
		2840D7CE1179279E00D7F93C /* FirstView.xib in Resources */ = {isa = PBXBuildFile; fileRef = 2840D7CD1179279E00D7F93C /* FirstView.xib */; };
		288765080DF74369002DB57D /* CoreGraphics.framework in Frameworks */ = {isa = PBXBuildFile; fileRef = 288765070DF74369002DB57D /* CoreGraphics.framework */; };
		28AD73880D9D96C1002E5188 /* MainWindow.xib in Resources */ = {isa = PBXBuildFile; fileRef = 28AD73870D9D96C1002E5188 /* MainWindow.xib */; };
/* End PBXBuildFile section */

/* Begin PBXCopyFilesBuildPhase section */
		068796831426E9AA0067CF73 /* CopyFiles */ = {
			isa = PBXCopyFilesBuildPhase;
			buildActionMask = 8;
			dstPath = "";
			dstSubfolderSpec = 11;
			files = (
			);
			runOnlyForDeploymentPostprocessing = 1;
		};
/* End PBXCopyFilesBuildPhase section */

/* Begin PBXFileReference section */
		06D89998142810C200A4EF4D /* SBJsonWriter.m */ = {isa = PBXFileReference; fileEncoding = 4; lastKnownFileType = sourcecode.c.objc; path = SBJsonWriter.m; sourceTree = "<group>"; };
		06D89999142810C200A4EF4D /* SBJsonWriter.h */ = {isa = PBXFileReference; fileEncoding = 4; lastKnownFileType = sourcecode.c.h; path = SBJsonWriter.h; sourceTree = "<group>"; };
		06D8999A142810C200A4EF4D /* SBJsonUTF8Stream.m */ = {isa = PBXFileReference; fileEncoding = 4; lastKnownFileType = sourcecode.c.objc; path = SBJsonUTF8Stream.m; sourceTree = "<group>"; };
		06D8999B142810C200A4EF4D /* SBJsonUTF8Stream.h */ = {isa = PBXFileReference; fileEncoding = 4; lastKnownFileType = sourcecode.c.h; path = SBJsonUTF8Stream.h; sourceTree = "<group>"; };
		06D8999C142810C200A4EF4D /* SBJsonTokeniser.m */ = {isa = PBXFileReference; fileEncoding = 4; lastKnownFileType = sourcecode.c.objc; path = SBJsonTokeniser.m; sourceTree = "<group>"; };
		06D8999D142810C200A4EF4D /* SBJsonTokeniser.h */ = {isa = PBXFileReference; fileEncoding = 4; lastKnownFileType = sourcecode.c.h; path = SBJsonTokeniser.h; sourceTree = "<group>"; };
		06D8999E142810C200A4EF4D /* SBJsonStreamWriterState.m */ = {isa = PBXFileReference; fileEncoding = 4; lastKnownFileType = sourcecode.c.objc; path = SBJsonStreamWriterState.m; sourceTree = "<group>"; };
		06D8999F142810C200A4EF4D /* SBJsonStreamWriterState.h */ = {isa = PBXFileReference; fileEncoding = 4; lastKnownFileType = sourcecode.c.h; path = SBJsonStreamWriterState.h; sourceTree = "<group>"; };
		06D899A0142810C200A4EF4D /* SBJsonStreamWriterAccumulator.m */ = {isa = PBXFileReference; fileEncoding = 4; lastKnownFileType = sourcecode.c.objc; path = SBJsonStreamWriterAccumulator.m; sourceTree = "<group>"; };
		06D899A1142810C200A4EF4D /* SBJsonStreamWriterAccumulator.h */ = {isa = PBXFileReference; fileEncoding = 4; lastKnownFileType = sourcecode.c.h; path = SBJsonStreamWriterAccumulator.h; sourceTree = "<group>"; };
		06D899A2142810C200A4EF4D /* SBJsonStreamWriter.m */ = {isa = PBXFileReference; fileEncoding = 4; lastKnownFileType = sourcecode.c.objc; path = SBJsonStreamWriter.m; sourceTree = "<group>"; };
		06D899A3142810C200A4EF4D /* SBJsonStreamWriter.h */ = {isa = PBXFileReference; fileEncoding = 4; lastKnownFileType = sourcecode.c.h; path = SBJsonStreamWriter.h; sourceTree = "<group>"; };
		06D899A4142810C200A4EF4D /* SBJsonStreamParserState.m */ = {isa = PBXFileReference; fileEncoding = 4; lastKnownFileType = sourcecode.c.objc; path = SBJsonStreamParserState.m; sourceTree = "<group>"; };
		06D899A5142810C200A4EF4D /* SBJsonStreamParserState.h */ = {isa = PBXFileReference; fileEncoding = 4; lastKnownFileType = sourcecode.c.h; path = SBJsonStreamParserState.h; sourceTree = "<group>"; };
		06D899A6142810C200A4EF4D /* SBJsonStreamParserAdapter.m */ = {isa = PBXFileReference; fileEncoding = 4; lastKnownFileType = sourcecode.c.objc; path = SBJsonStreamParserAdapter.m; sourceTree = "<group>"; };
		06D899A7142810C200A4EF4D /* SBJsonStreamParserAdapter.h */ = {isa = PBXFileReference; fileEncoding = 4; lastKnownFileType = sourcecode.c.h; path = SBJsonStreamParserAdapter.h; sourceTree = "<group>"; };
		06D899A8142810C200A4EF4D /* SBJsonStreamParserAccumulator.m */ = {isa = PBXFileReference; fileEncoding = 4; lastKnownFileType = sourcecode.c.objc; path = SBJsonStreamParserAccumulator.m; sourceTree = "<group>"; };
		06D899A9142810C200A4EF4D /* SBJsonStreamParserAccumulator.h */ = {isa = PBXFileReference; fileEncoding = 4; lastKnownFileType = sourcecode.c.h; path = SBJsonStreamParserAccumulator.h; sourceTree = "<group>"; };
		06D899AA142810C200A4EF4D /* SBJsonStreamParser.m */ = {isa = PBXFileReference; fileEncoding = 4; lastKnownFileType = sourcecode.c.objc; path = SBJsonStreamParser.m; sourceTree = "<group>"; };
		06D899AB142810C200A4EF4D /* SBJsonStreamParser.h */ = {isa = PBXFileReference; fileEncoding = 4; lastKnownFileType = sourcecode.c.h; path = SBJsonStreamParser.h; sourceTree = "<group>"; };
		06D899AC142810C200A4EF4D /* SBJsonParser.m */ = {isa = PBXFileReference; fileEncoding = 4; lastKnownFileType = sourcecode.c.objc; path = SBJsonParser.m; sourceTree = "<group>"; };
		06D899AD142810C200A4EF4D /* SBJsonParser.h */ = {isa = PBXFileReference; fileEncoding = 4; lastKnownFileType = sourcecode.c.h; path = SBJsonParser.h; sourceTree = "<group>"; };
		06D899AE142810C200A4EF4D /* SBJson.h */ = {isa = PBXFileReference; fileEncoding = 4; lastKnownFileType = sourcecode.c.h; path = SBJson.h; sourceTree = "<group>"; };
		06D899AF142810C200A4EF4D /* NSObject+SBJson.m */ = {isa = PBXFileReference; fileEncoding = 4; lastKnownFileType = sourcecode.c.objc; path = "NSObject+SBJson.m"; sourceTree = "<group>"; };
		06D899B0142810C200A4EF4D /* NSObject+SBJson.h */ = {isa = PBXFileReference; fileEncoding = 4; lastKnownFileType = sourcecode.c.h; path = "NSObject+SBJson.h"; sourceTree = "<group>"; };
		06D899EA1428272800A4EF4D /* ASIProgressDelegate.h */ = {isa = PBXFileReference; fileEncoding = 4; lastKnownFileType = sourcecode.c.h; path = ASIProgressDelegate.h; sourceTree = "<group>"; };
		06D899EB1428272800A4EF4D /* ASINetworkQueue.m */ = {isa = PBXFileReference; fileEncoding = 4; lastKnownFileType = sourcecode.c.objc; path = ASINetworkQueue.m; sourceTree = "<group>"; };
		06D899EC1428272800A4EF4D /* ASINetworkQueue.h */ = {isa = PBXFileReference; fileEncoding = 4; lastKnownFileType = sourcecode.c.h; path = ASINetworkQueue.h; sourceTree = "<group>"; };
		06D899ED1428272800A4EF4D /* ASIInputStream.m */ = {isa = PBXFileReference; fileEncoding = 4; lastKnownFileType = sourcecode.c.objc; path = ASIInputStream.m; sourceTree = "<group>"; };
		06D899EE1428272800A4EF4D /* ASIInputStream.h */ = {isa = PBXFileReference; fileEncoding = 4; lastKnownFileType = sourcecode.c.h; path = ASIInputStream.h; sourceTree = "<group>"; };
		06D899EF1428272800A4EF4D /* ASIHTTPRequestDelegate.h */ = {isa = PBXFileReference; fileEncoding = 4; lastKnownFileType = sourcecode.c.h; path = ASIHTTPRequestDelegate.h; sourceTree = "<group>"; };
		06D899F01428272800A4EF4D /* ASIHTTPRequestConfig.h */ = {isa = PBXFileReference; fileEncoding = 4; lastKnownFileType = sourcecode.c.h; path = ASIHTTPRequestConfig.h; sourceTree = "<group>"; };
		06D899F11428272800A4EF4D /* ASIHTTPRequest.m */ = {isa = PBXFileReference; fileEncoding = 4; lastKnownFileType = sourcecode.c.objc; path = ASIHTTPRequest.m; sourceTree = "<group>"; };
		06D899F21428272800A4EF4D /* ASIHTTPRequest.h */ = {isa = PBXFileReference; fileEncoding = 4; lastKnownFileType = sourcecode.c.h; path = ASIHTTPRequest.h; sourceTree = "<group>"; };
		06D899F31428272800A4EF4D /* ASIFormDataRequest.m */ = {isa = PBXFileReference; fileEncoding = 4; lastKnownFileType = sourcecode.c.objc; path = ASIFormDataRequest.m; sourceTree = "<group>"; };
		06D899F41428272800A4EF4D /* ASIFormDataRequest.h */ = {isa = PBXFileReference; fileEncoding = 4; lastKnownFileType = sourcecode.c.h; path = ASIFormDataRequest.h; sourceTree = "<group>"; };
		06D899F51428272800A4EF4D /* ASIDownloadCache.m */ = {isa = PBXFileReference; fileEncoding = 4; lastKnownFileType = sourcecode.c.objc; path = ASIDownloadCache.m; sourceTree = "<group>"; };
		06D899F61428272800A4EF4D /* ASIDownloadCache.h */ = {isa = PBXFileReference; fileEncoding = 4; lastKnownFileType = sourcecode.c.h; path = ASIDownloadCache.h; sourceTree = "<group>"; };
		06D899F71428272800A4EF4D /* ASIDataDecompressor.m */ = {isa = PBXFileReference; fileEncoding = 4; lastKnownFileType = sourcecode.c.objc; path = ASIDataDecompressor.m; sourceTree = "<group>"; };
		06D899F81428272800A4EF4D /* ASIDataDecompressor.h */ = {isa = PBXFileReference; fileEncoding = 4; lastKnownFileType = sourcecode.c.h; path = ASIDataDecompressor.h; sourceTree = "<group>"; };
		06D899F91428272800A4EF4D /* ASIDataCompressor.m */ = {isa = PBXFileReference; fileEncoding = 4; lastKnownFileType = sourcecode.c.objc; path = ASIDataCompressor.m; sourceTree = "<group>"; };
		06D899FA1428272800A4EF4D /* ASIDataCompressor.h */ = {isa = PBXFileReference; fileEncoding = 4; lastKnownFileType = sourcecode.c.h; path = ASIDataCompressor.h; sourceTree = "<group>"; };
		06D899FB1428272800A4EF4D /* ASICacheDelegate.h */ = {isa = PBXFileReference; fileEncoding = 4; lastKnownFileType = sourcecode.c.h; path = ASICacheDelegate.h; sourceTree = "<group>"; };
		06D899FC1428272800A4EF4D /* ASIAuthenticationDialog.m */ = {isa = PBXFileReference; fileEncoding = 4; lastKnownFileType = sourcecode.c.objc; path = ASIAuthenticationDialog.m; sourceTree = "<group>"; };
		06D899FD1428272800A4EF4D /* ASIAuthenticationDialog.h */ = {isa = PBXFileReference; fileEncoding = 4; lastKnownFileType = sourcecode.c.h; path = ASIAuthenticationDialog.h; sourceTree = "<group>"; };
		06D89A0614282ACB00A4EF4D /* CFNetwork.framework */ = {isa = PBXFileReference; lastKnownFileType = wrapper.framework; name = CFNetwork.framework; path = System/Library/Frameworks/CFNetwork.framework; sourceTree = SDKROOT; };
		06D89A0A14282AD800A4EF4D /* SystemConfiguration.framework */ = {isa = PBXFileReference; lastKnownFileType = wrapper.framework; name = SystemConfiguration.framework; path = System/Library/Frameworks/SystemConfiguration.framework; sourceTree = SDKROOT; };
		06D89A0E14282AED00A4EF4D /* MobileCoreServices.framework */ = {isa = PBXFileReference; lastKnownFileType = wrapper.framework; name = MobileCoreServices.framework; path = System/Library/Frameworks/MobileCoreServices.framework; sourceTree = SDKROOT; };
		06D89A1214282B0700A4EF4D /* libz.dylib */ = {isa = PBXFileReference; lastKnownFileType = "compiled.mach-o.dylib"; name = libz.dylib; path = usr/lib/libz.dylib; sourceTree = SDKROOT; };
		06D89A1414282B1B00A4EF4D /* Reachability.m */ = {isa = PBXFileReference; fileEncoding = 4; lastKnownFileType = sourcecode.c.objc; path = Reachability.m; sourceTree = "<group>"; };
		06D89A1514282B1B00A4EF4D /* Reachability.h */ = {isa = PBXFileReference; fileEncoding = 4; lastKnownFileType = sourcecode.c.h; path = Reachability.h; sourceTree = "<group>"; };
		1D30AB110D05D00D00671497 /* Foundation.framework */ = {isa = PBXFileReference; lastKnownFileType = wrapper.framework; name = Foundation.framework; path = System/Library/Frameworks/Foundation.framework; sourceTree = SDKROOT; };
		1D3623240D0F684500981E51 /* randcomAppDelegate.h */ = {isa = PBXFileReference; fileEncoding = 4; lastKnownFileType = sourcecode.c.h; path = randcomAppDelegate.h; sourceTree = "<group>"; };
		1D3623250D0F684500981E51 /* randcomAppDelegate.m */ = {isa = PBXFileReference; fileEncoding = 4; lastKnownFileType = sourcecode.c.objc; path = randcomAppDelegate.m; sourceTree = "<group>"; };
		1D6058910D05DD3D006BFB54 /* randcom.app */ = {isa = PBXFileReference; explicitFileType = wrapper.application; includeInIndex = 0; path = randcom.app; sourceTree = BUILT_PRODUCTS_DIR; };
		1DF5F4DF0D08C38300B7A737 /* UIKit.framework */ = {isa = PBXFileReference; lastKnownFileType = wrapper.framework; name = UIKit.framework; path = System/Library/Frameworks/UIKit.framework; sourceTree = SDKROOT; };
		28216C950DB411BC00E5133A /* FirstViewController.h */ = {isa = PBXFileReference; fileEncoding = 4; lastKnownFileType = sourcecode.c.h; path = FirstViewController.h; sourceTree = "<group>"; };
		28216C960DB411BC00E5133A /* FirstViewController.m */ = {isa = PBXFileReference; fileEncoding = 4; lastKnownFileType = sourcecode.c.objc; path = FirstViewController.m; sourceTree = "<group>"; };
		282CCBFD0DB6C98000C4EA27 /* SecondView.xib */ = {isa = PBXFileReference; lastKnownFileType = file.xib; path = SecondView.xib; sourceTree = "<group>"; };
		2840D7CD1179279E00D7F93C /* FirstView.xib */ = {isa = PBXFileReference; lastKnownFileType = file.xib; path = FirstView.xib; sourceTree = "<group>"; };
		288765070DF74369002DB57D /* CoreGraphics.framework */ = {isa = PBXFileReference; lastKnownFileType = wrapper.framework; name = CoreGraphics.framework; path = System/Library/Frameworks/CoreGraphics.framework; sourceTree = SDKROOT; };
		28A0AB4B0D9B1048005BE974 /* randcom_Prefix.pch */ = {isa = PBXFileReference; fileEncoding = 4; lastKnownFileType = sourcecode.c.h; path = randcom_Prefix.pch; sourceTree = "<group>"; };
		28AD73870D9D96C1002E5188 /* MainWindow.xib */ = {isa = PBXFileReference; lastKnownFileType = file.xib; path = MainWindow.xib; sourceTree = "<group>"; };
		29B97316FDCFA39411CA2CEA /* main.m */ = {isa = PBXFileReference; fileEncoding = 4; lastKnownFileType = sourcecode.c.objc; path = main.m; sourceTree = "<group>"; };
		8D1107310486CEB800E47090 /* randcom-Info.plist */ = {isa = PBXFileReference; fileEncoding = 4; lastKnownFileType = text.plist.xml; path = "randcom-Info.plist"; plistStructureDefinitionIdentifier = "com.apple.xcode.plist.structure-definition.iphone.info-plist"; sourceTree = "<group>"; };
/* End PBXFileReference section */

/* Begin PBXFrameworksBuildPhase section */
		1D60588F0D05DD3D006BFB54 /* Frameworks */ = {
			isa = PBXFrameworksBuildPhase;
			buildActionMask = 2147483647;
			files = (
				1D60589F0D05DD5A006BFB54 /* Foundation.framework in Frameworks */,
				1DF5F4E00D08C38300B7A737 /* UIKit.framework in Frameworks */,
				288765080DF74369002DB57D /* CoreGraphics.framework in Frameworks */,
				06D89A0714282ACB00A4EF4D /* CFNetwork.framework in Frameworks */,
				06D89A0B14282AD800A4EF4D /* SystemConfiguration.framework in Frameworks */,
				06D89A0F14282AED00A4EF4D /* MobileCoreServices.framework in Frameworks */,
				06D89A1314282B0700A4EF4D /* libz.dylib in Frameworks */,
			);
			runOnlyForDeploymentPostprocessing = 0;
		};
/* End PBXFrameworksBuildPhase section */

/* Begin PBXGroup section */
		080E96DDFE201D6D7F000001 /* Classes */ = {
			isa = PBXGroup;
			children = (
				06D89A1414282B1B00A4EF4D /* Reachability.m */,
				06D89A1514282B1B00A4EF4D /* Reachability.h */,
				06D899EA1428272800A4EF4D /* ASIProgressDelegate.h */,
				06D899EB1428272800A4EF4D /* ASINetworkQueue.m */,
				06D899EC1428272800A4EF4D /* ASINetworkQueue.h */,
				06D899ED1428272800A4EF4D /* ASIInputStream.m */,
				06D899EE1428272800A4EF4D /* ASIInputStream.h */,
				06D899EF1428272800A4EF4D /* ASIHTTPRequestDelegate.h */,
				06D899F01428272800A4EF4D /* ASIHTTPRequestConfig.h */,
				06D899F11428272800A4EF4D /* ASIHTTPRequest.m */,
				06D899F21428272800A4EF4D /* ASIHTTPRequest.h */,
				06D899F31428272800A4EF4D /* ASIFormDataRequest.m */,
				06D899F41428272800A4EF4D /* ASIFormDataRequest.h */,
				06D899F51428272800A4EF4D /* ASIDownloadCache.m */,
				06D899F61428272800A4EF4D /* ASIDownloadCache.h */,
				06D899F71428272800A4EF4D /* ASIDataDecompressor.m */,
				06D899F81428272800A4EF4D /* ASIDataDecompressor.h */,
				06D899F91428272800A4EF4D /* ASIDataCompressor.m */,
				06D899FA1428272800A4EF4D /* ASIDataCompressor.h */,
				06D899FB1428272800A4EF4D /* ASICacheDelegate.h */,
				06D899FC1428272800A4EF4D /* ASIAuthenticationDialog.m */,
				06D899FD1428272800A4EF4D /* ASIAuthenticationDialog.h */,
				06D89998142810C200A4EF4D /* SBJsonWriter.m */,
				06D89999142810C200A4EF4D /* SBJsonWriter.h */,
				06D8999A142810C200A4EF4D /* SBJsonUTF8Stream.m */,
				06D8999B142810C200A4EF4D /* SBJsonUTF8Stream.h */,
				06D8999C142810C200A4EF4D /* SBJsonTokeniser.m */,
				06D8999D142810C200A4EF4D /* SBJsonTokeniser.h */,
				06D8999E142810C200A4EF4D /* SBJsonStreamWriterState.m */,
				06D8999F142810C200A4EF4D /* SBJsonStreamWriterState.h */,
				06D899A0142810C200A4EF4D /* SBJsonStreamWriterAccumulator.m */,
				06D899A1142810C200A4EF4D /* SBJsonStreamWriterAccumulator.h */,
				06D899A2142810C200A4EF4D /* SBJsonStreamWriter.m */,
				06D899A3142810C200A4EF4D /* SBJsonStreamWriter.h */,
				06D899A4142810C200A4EF4D /* SBJsonStreamParserState.m */,
				06D899A5142810C200A4EF4D /* SBJsonStreamParserState.h */,
				06D899A6142810C200A4EF4D /* SBJsonStreamParserAdapter.m */,
				06D899A7142810C200A4EF4D /* SBJsonStreamParserAdapter.h */,
				06D899A8142810C200A4EF4D /* SBJsonStreamParserAccumulator.m */,
				06D899A9142810C200A4EF4D /* SBJsonStreamParserAccumulator.h */,
				06D899AA142810C200A4EF4D /* SBJsonStreamParser.m */,
				06D899AB142810C200A4EF4D /* SBJsonStreamParser.h */,
				06D899AC142810C200A4EF4D /* SBJsonParser.m */,
				06D899AD142810C200A4EF4D /* SBJsonParser.h */,
				06D899AE142810C200A4EF4D /* SBJson.h */,
				06D899AF142810C200A4EF4D /* NSObject+SBJson.m */,
				06D899B0142810C200A4EF4D /* NSObject+SBJson.h */,
				28216C950DB411BC00E5133A /* FirstViewController.h */,
				28216C960DB411BC00E5133A /* FirstViewController.m */,
				1D3623240D0F684500981E51 /* randcomAppDelegate.h */,
				1D3623250D0F684500981E51 /* randcomAppDelegate.m */,
			);
			path = Classes;
			sourceTree = "<group>";
		};
		19C28FACFE9D520D11CA2CBB /* Products */ = {
			isa = PBXGroup;
			children = (
				1D6058910D05DD3D006BFB54 /* randcom.app */,
			);
			name = Products;
			sourceTree = "<group>";
		};
		29B97314FDCFA39411CA2CEA /* randcom */ = {
			isa = PBXGroup;
			children = (
				080E96DDFE201D6D7F000001 /* Classes */,
				29B97315FDCFA39411CA2CEA /* Other Sources */,
				29B97317FDCFA39411CA2CEA /* Resources */,
				29B97323FDCFA39411CA2CEA /* Frameworks */,
				19C28FACFE9D520D11CA2CBB /* Products */,
				06D89A0614282ACB00A4EF4D /* CFNetwork.framework */,
				06D89A0A14282AD800A4EF4D /* SystemConfiguration.framework */,
				06D89A0E14282AED00A4EF4D /* MobileCoreServices.framework */,
				06D89A1214282B0700A4EF4D /* libz.dylib */,
			);
			name = randcom;
			sourceTree = "<group>";
		};
		29B97315FDCFA39411CA2CEA /* Other Sources */ = {
			isa = PBXGroup;
			children = (
				28A0AB4B0D9B1048005BE974 /* randcom_Prefix.pch */,
				29B97316FDCFA39411CA2CEA /* main.m */,
			);
			name = "Other Sources";
			sourceTree = "<group>";
		};
		29B97317FDCFA39411CA2CEA /* Resources */ = {
			isa = PBXGroup;
			children = (
				2840D7CD1179279E00D7F93C /* FirstView.xib */,
				282CCBFD0DB6C98000C4EA27 /* SecondView.xib */,
				28AD73870D9D96C1002E5188 /* MainWindow.xib */,
				8D1107310486CEB800E47090 /* randcom-Info.plist */,
			);
			name = Resources;
			sourceTree = "<group>";
		};
		29B97323FDCFA39411CA2CEA /* Frameworks */ = {
			isa = PBXGroup;
			children = (
				1DF5F4DF0D08C38300B7A737 /* UIKit.framework */,
				1D30AB110D05D00D00671497 /* Foundation.framework */,
				288765070DF74369002DB57D /* CoreGraphics.framework */,
			);
			name = Frameworks;
			sourceTree = "<group>";
		};
/* End PBXGroup section */

/* Begin PBXNativeTarget section */
		1D6058900D05DD3D006BFB54 /* randcom */ = {
			isa = PBXNativeTarget;
			buildConfigurationList = 1D6058960D05DD3E006BFB54 /* Build configuration list for PBXNativeTarget "randcom" */;
			buildPhases = (
				1D60588D0D05DD3D006BFB54 /* Resources */,
				1D60588E0D05DD3D006BFB54 /* Sources */,
				1D60588F0D05DD3D006BFB54 /* Frameworks */,
				068796831426E9AA0067CF73 /* CopyFiles */,
			);
			buildRules = (
			);
			dependencies = (
			);
			name = randcom;
			productName = randcom;
			productReference = 1D6058910D05DD3D006BFB54 /* randcom.app */;
			productType = "com.apple.product-type.application";
		};
/* End PBXNativeTarget section */

/* Begin PBXProject section */
		29B97313FDCFA39411CA2CEA /* Project object */ = {
			isa = PBXProject;
			buildConfigurationList = C01FCF4E08A954540054247B /* Build configuration list for PBXProject "randcom" */;
			compatibilityVersion = "Xcode 3.2";
			developmentRegion = English;
			hasScannedForEncodings = 1;
			knownRegions = (
				English,
				Japanese,
				French,
				German,
			);
			mainGroup = 29B97314FDCFA39411CA2CEA /* randcom */;
			projectDirPath = "";
			projectRoot = "";
			targets = (
				1D6058900D05DD3D006BFB54 /* randcom */,
			);
		};
/* End PBXProject section */

/* Begin PBXResourcesBuildPhase section */
		1D60588D0D05DD3D006BFB54 /* Resources */ = {
			isa = PBXResourcesBuildPhase;
			buildActionMask = 2147483647;
			files = (
				28AD73880D9D96C1002E5188 /* MainWindow.xib in Resources */,
				282CCBFE0DB6C98000C4EA27 /* SecondView.xib in Resources */,
				2840D7CE1179279E00D7F93C /* FirstView.xib in Resources */,
			);
			runOnlyForDeploymentPostprocessing = 0;
		};
/* End PBXResourcesBuildPhase section */

/* Begin PBXSourcesBuildPhase section */
		1D60588E0D05DD3D006BFB54 /* Sources */ = {
			isa = PBXSourcesBuildPhase;
			buildActionMask = 2147483647;
			files = (
				1D60589B0D05DD56006BFB54 /* main.m in Sources */,
				1D3623260D0F684500981E51 /* randcomAppDelegate.m in Sources */,
				28216C970DB411BC00E5133A /* FirstViewController.m in Sources */,
				06D899B1142810C200A4EF4D /* SBJsonWriter.m in Sources */,
				06D899B2142810C200A4EF4D /* SBJsonUTF8Stream.m in Sources */,
				06D899B3142810C200A4EF4D /* SBJsonTokeniser.m in Sources */,
				06D899B4142810C200A4EF4D /* SBJsonStreamWriterState.m in Sources */,
				06D899B5142810C200A4EF4D /* SBJsonStreamWriterAccumulator.m in Sources */,
				06D899B6142810C200A4EF4D /* SBJsonStreamWriter.m in Sources */,
				06D899B7142810C200A4EF4D /* SBJsonStreamParserState.m in Sources */,
				06D899B8142810C200A4EF4D /* SBJsonStreamParserAdapter.m in Sources */,
				06D899B9142810C200A4EF4D /* SBJsonStreamParserAccumulator.m in Sources */,
				06D899BA142810C200A4EF4D /* SBJsonStreamParser.m in Sources */,
				06D899BB142810C200A4EF4D /* SBJsonParser.m in Sources */,
				06D899BC142810C200A4EF4D /* NSObject+SBJson.m in Sources */,
				06D899FE1428272800A4EF4D /* ASINetworkQueue.m in Sources */,
				06D899FF1428272800A4EF4D /* ASIInputStream.m in Sources */,
				06D89A001428272800A4EF4D /* ASIHTTPRequest.m in Sources */,
				06D89A011428272800A4EF4D /* ASIFormDataRequest.m in Sources */,
				06D89A021428272800A4EF4D /* ASIDownloadCache.m in Sources */,
				06D89A031428272800A4EF4D /* ASIDataDecompressor.m in Sources */,
				06D89A041428272800A4EF4D /* ASIDataCompressor.m in Sources */,
				06D89A051428272800A4EF4D /* ASIAuthenticationDialog.m in Sources */,
				06D89A1614282B1B00A4EF4D /* Reachability.m in Sources */,
			);
			runOnlyForDeploymentPostprocessing = 0;
		};
/* End PBXSourcesBuildPhase section */

/* Begin XCBuildConfiguration section */
		1D6058940D05DD3E006BFB54 /* Debug */ = {
			isa = XCBuildConfiguration;
			buildSettings = {
				ALWAYS_SEARCH_USER_PATHS = NO;
				COPY_PHASE_STRIP = NO;
				GCC_DYNAMIC_NO_PIC = NO;
				GCC_OPTIMIZATION_LEVEL = 0;
				GCC_PRECOMPILE_PREFIX_HEADER = YES;
				GCC_PREFIX_HEADER = randcom_Prefix.pch;
				INFOPLIST_FILE = "randcom-Info.plist";
				PRODUCT_NAME = randcom;
			};
			name = Debug;
		};
		1D6058950D05DD3E006BFB54 /* Release */ = {
			isa = XCBuildConfiguration;
			buildSettings = {
				ALWAYS_SEARCH_USER_PATHS = NO;
				COPY_PHASE_STRIP = YES;
				GCC_PRECOMPILE_PREFIX_HEADER = YES;
				GCC_PREFIX_HEADER = randcom_Prefix.pch;
				INFOPLIST_FILE = "randcom-Info.plist";
				PRODUCT_NAME = randcom;
				VALIDATE_PRODUCT = YES;
			};
			name = Release;
		};
		C01FCF4F08A954540054247B /* Debug */ = {
			isa = XCBuildConfiguration;
			buildSettings = {
				ARCHS = "$(ARCHS_STANDARD_32_BIT)";
				"CODE_SIGN_IDENTITY[sdk=iphoneos*]" = "iPhone Developer";
				GCC_C_LANGUAGE_STANDARD = c99;
				GCC_WARN_ABOUT_RETURN_TYPE = YES;
				GCC_WARN_UNUSED_VARIABLE = YES;
				PREBINDING = NO;
				SDKROOT = iphoneos;
			};
			name = Debug;
		};
		C01FCF5008A954540054247B /* Release */ = {
			isa = XCBuildConfiguration;
			buildSettings = {
				ARCHS = "$(ARCHS_STANDARD_32_BIT)";
				"CODE_SIGN_IDENTITY[sdk=iphoneos*]" = "iPhone Developer";
				GCC_C_LANGUAGE_STANDARD = c99;
				GCC_WARN_ABOUT_RETURN_TYPE = YES;
				GCC_WARN_UNUSED_VARIABLE = YES;
				OTHER_CFLAGS = "-DNS_BLOCK_ASSERTIONS=1";
				PREBINDING = NO;
				SDKROOT = iphoneos;
			};
			name = Release;
		};
/* End XCBuildConfiguration section */

/* Begin XCConfigurationList section */
		1D6058960D05DD3E006BFB54 /* Build configuration list for PBXNativeTarget "randcom" */ = {
			isa = XCConfigurationList;
			buildConfigurations = (
				1D6058940D05DD3E006BFB54 /* Debug */,
				1D6058950D05DD3E006BFB54 /* Release */,
			);
			defaultConfigurationIsVisible = 0;
			defaultConfigurationName = Release;
		};
		C01FCF4E08A954540054247B /* Build configuration list for PBXProject "randcom" */ = {
			isa = XCConfigurationList;
			buildConfigurations = (
				C01FCF4F08A954540054247B /* Debug */,
				C01FCF5008A954540054247B /* Release */,
			);
			defaultConfigurationIsVisible = 0;
			defaultConfigurationName = Release;
		};
/* End XCConfigurationList section */
	};
	rootObject = 29B97313FDCFA39411CA2CEA /* Project object */;
}
